# THIS IS AN AUTOGENERATED FILE. DO NOT EDIT THIS FILE DIRECTLY.
# yarn lockfile v1


tsmaz@^1.5.0:
  version "1.5.0"
  resolved "https://registry.yarnpkg.com/tsmaz/-/tsmaz-1.5.0.tgz#bc84ff39ee6f5332a178721890f36850a07f8129"
  integrity sha512-jLlf4jH1SP9zg8x8ArP3cxjX5w+clrYmYQbKWC46K9m/u5+gYTChB7HBxAPA6tgUYBPUJB75qd/AyBtqE5sblA==
